
Microsoft Visual Studio Solution File, Format Version 12.00
# Visual Studio Version 17
VisualStudioVersion = 17.14.36811.4 d17.14
MinimumVisualStudioVersion = 10.0.40219.1
Project("{FAE04EC0-301F-11D3-BF4B-00C04F79EFBC}") = "PSFileParse", "PSFileParse\PSFileParse.csproj", "{EDDAA8A1-77DB-4B09-8CF8-652AAB467B21}"
EndProject
Global
	GlobalSection(SolutionConfigurationPlatforms) = preSolution
		Debug|Any CPU = Debug|Any CPU
		Release|Any CPU = Release|Any CPU
	EndGlobalSection
	GlobalSection(ProjectConfigurationPlatforms) = postSolution
		{EDDAA8A1-77DB-4B09-8CF8-652AAB467B21}.Debug|Any CPU.ActiveCfg = Debug|Any CPU
		{EDDAA8A1-77DB-4B09-8CF8-652AAB467B21}.Debug|Any CPU.Build.0 = Debug|Any CPU
		{EDDAA8A1-77DB-4B09-8CF8-652AAB467B21}.Release|Any CPU.ActiveCfg = Release|Any CPU
		{EDDAA8A1-77DB-4B09-8CF8-652AAB467B21}.Release|Any CPU.Build.0 = Release|Any CPU
	EndGlobalSection
	GlobalSection(SolutionProperties) = preSolution
		HideSolutionNode = FALSE
	EndGlobalSection
	GlobalSection(ExtensibilityGlobals) = postSolution
		SolutionGuid = {09986024-8F8D-40E6-8149-DD49DE53AB09}
	EndGlobalSection
EndGlobal
